
Microsoft Visual Studio Solution File, Format Version 12.00
# Visual Studio 14
VisualStudioVersion = 14.0.23107.0
MinimumVisualStudioVersion = 10.0.40219.1
Project("{FAE04EC0-301F-11D3-BF4B-00C04F79EFBC}") = "GeoCar.WcfService", "GeoCar.WcfService\GeoCar.WcfService.csproj", "{CB39A948-5258-423A-AAA0-84CAD9455E7C}"
EndProject
Project("{FAE04EC0-301F-11D3-BF4B-00C04F79EFBC}") = "GeoCar.Website", "GeoCar.Website\GeoCar.Website.csproj", "{96D215B5-D294-424A-8A89-7CBD09A4D623}"
EndProject
Project("{FAE04EC0-301F-11D3-BF4B-00C04F79EFBC}") = "GeoCar.Database", "GeoCar.Database\GeoCar.Database.csproj", "{1CB7B58D-C478-4006-B02C-459A081785AB}"
EndProject
Project("{FAE04EC0-301F-11D3-BF4B-00C04F79EFBC}") = "GeoCar.Model", "GeoCar.Model\GeoCar.Model.csproj", "{5C654DEE-E493-4D98-80B9-921FBFFA484F}"
EndProject
Global
	GlobalSection(SolutionConfigurationPlatforms) = preSolution
		Debug|Any CPU = Debug|Any CPU
		Release|Any CPU = Release|Any CPU
	EndGlobalSection
	GlobalSection(ProjectConfigurationPlatforms) = postSolution
		{CB39A948-5258-423A-AAA0-84CAD9455E7C}.Debug|Any CPU.ActiveCfg = Debug|Any CPU
		{CB39A948-5258-423A-AAA0-84CAD9455E7C}.Debug|Any CPU.Build.0 = Debug|Any CPU
		{CB39A948-5258-423A-AAA0-84CAD9455E7C}.Release|Any CPU.ActiveCfg = Release|Any CPU
		{CB39A948-5258-423A-AAA0-84CAD9455E7C}.Release|Any CPU.Build.0 = Release|Any CPU
		{96D215B5-D294-424A-8A89-7CBD09A4D623}.Debug|Any CPU.ActiveCfg = Debug|Any CPU
		{96D215B5-D294-424A-8A89-7CBD09A4D623}.Debug|Any CPU.Build.0 = Debug|Any CPU
		{96D215B5-D294-424A-8A89-7CBD09A4D623}.Release|Any CPU.ActiveCfg = Release|Any CPU
		{96D215B5-D294-424A-8A89-7CBD09A4D623}.Release|Any CPU.Build.0 = Release|Any CPU
		{1CB7B58D-C478-4006-B02C-459A081785AB}.Debug|Any CPU.ActiveCfg = Debug|Any CPU
		{1CB7B58D-C478-4006-B02C-459A081785AB}.Debug|Any CPU.Build.0 = Debug|Any CPU
		{1CB7B58D-C478-4006-B02C-459A081785AB}.Release|Any CPU.ActiveCfg = Release|Any CPU
		{1CB7B58D-C478-4006-B02C-459A081785AB}.Release|Any CPU.Build.0 = Release|Any CPU
		{5C654DEE-E493-4D98-80B9-921FBFFA484F}.Debug|Any CPU.ActiveCfg = Debug|Any CPU
		{5C654DEE-E493-4D98-80B9-921FBFFA484F}.Debug|Any CPU.Build.0 = Debug|Any CPU
		{5C654DEE-E493-4D98-80B9-921FBFFA484F}.Release|Any CPU.ActiveCfg = Release|Any CPU
		{5C654DEE-E493-4D98-80B9-921FBFFA484F}.Release|Any CPU.Build.0 = Release|Any CPU
	EndGlobalSection
	GlobalSection(SolutionProperties) = preSolution
		HideSolutionNode = FALSE
	EndGlobalSection
EndGlobal
